
Microsoft Visual Studio Solution File, Format Version 12.00
# Visual Studio Version 17
VisualStudioVersion = 17.12.35527.113 d17.12
MinimumVisualStudioVersion = 10.0.40219.1
Project("{2150E333-8FDC-42A3-9474-1A3956D46DE8}") = "Solution Items", "Solution Items", "{2EA1B509-EA39-4104-B2DB-FD18871A60CF}"
	ProjectSection(SolutionItems) = preProject
		..\README.md = ..\README.md
	EndProjectSection
EndProject
Project("{FAE04EC0-301F-11D3-BF4B-00C04F79EFBC}") = "CompanyManager.ConApp", "CompanyManager.ConApp\CompanyManager.ConApp.csproj", "{620ED91F-E7F3-4690-8B55-E86233D4FF7E}"
EndProject
Project("{FAE04EC0-301F-11D3-BF4B-00C04F79EFBC}") = "CompanyManager.Logic", "CompanyManager.Logic\CompanyManager.Logic.csproj", "{7801BC74-CF9D-418E-8EE9-C3F49CAEF138}"
EndProject
Global
	GlobalSection(SolutionConfigurationPlatforms) = preSolution
		Debug|Any CPU = Debug|Any CPU
		Release|Any CPU = Release|Any CPU
	EndGlobalSection
	GlobalSection(ProjectConfigurationPlatforms) = postSolution
		{620ED91F-E7F3-4690-8B55-E86233D4FF7E}.Debug|Any CPU.ActiveCfg = Debug|Any CPU
		{620ED91F-E7F3-4690-8B55-E86233D4FF7E}.Debug|Any CPU.Build.0 = Debug|Any CPU
		{620ED91F-E7F3-4690-8B55-E86233D4FF7E}.Release|Any CPU.ActiveCfg = Release|Any CPU
		{620ED91F-E7F3-4690-8B55-E86233D4FF7E}.Release|Any CPU.Build.0 = Release|Any CPU
		{7801BC74-CF9D-418E-8EE9-C3F49CAEF138}.Debug|Any CPU.ActiveCfg = Debug|Any CPU
		{7801BC74-CF9D-418E-8EE9-C3F49CAEF138}.Debug|Any CPU.Build.0 = Debug|Any CPU
		{7801BC74-CF9D-418E-8EE9-C3F49CAEF138}.Release|Any CPU.ActiveCfg = Release|Any CPU
		{7801BC74-CF9D-418E-8EE9-C3F49CAEF138}.Release|Any CPU.Build.0 = Release|Any CPU
	EndGlobalSection
	GlobalSection(SolutionProperties) = preSolution
		HideSolutionNode = FALSE
	EndGlobalSection
EndGlobal
